
Microsoft Visual Studio Solution File, Format Version 12.00
# Visual Studio Version 17
VisualStudioVersion = 17.5.33424.131
MinimumVisualStudioVersion = 10.0.40219.1
Project("{FAE04EC0-301F-11D3-BF4B-00C04F79EFBC}") = "BiliBiliUWPConvert", "BiliBiliUWPConvert\BiliBiliUWPConvert.csproj", "{BC19F669-244A-429F-B8AD-CD81B82659D4}"
EndProject
Global
	GlobalSection(SolutionConfigurationPlatforms) = preSolution
		Debug|Any CPU = Debug|Any CPU
		Release|Any CPU = Release|Any CPU
	EndGlobalSection
	GlobalSection(ProjectConfigurationPlatforms) = postSolution
		{BC19F669-244A-429F-B8AD-CD81B82659D4}.Debug|Any CPU.ActiveCfg = Debug|Any CPU
		{BC19F669-244A-429F-B8AD-CD81B82659D4}.Debug|Any CPU.Build.0 = Debug|Any CPU
		{BC19F669-244A-429F-B8AD-CD81B82659D4}.Release|Any CPU.ActiveCfg = Release|Any CPU
		{BC19F669-244A-429F-B8AD-CD81B82659D4}.Release|Any CPU.Build.0 = Release|Any CPU
	EndGlobalSection
	GlobalSection(SolutionProperties) = preSolution
		HideSolutionNode = FALSE
	EndGlobalSection
	GlobalSection(ExtensibilityGlobals) = postSolution
		SolutionGuid = {5A44EF9E-5AEC-44FF-AF5E-99CC941042D5}
	EndGlobalSection
EndGlobal
